{
  "pins" : [
    {
      "identity" : "equatable",
      "kind" : "remoteSourceControl",
      "location" : "https://github.com/ordo-one/equatable.git",
      "state" : {
        "revision" : "c9d85b01e4824b9fe166acf43f4c6b0f5ebeeec5",
        "version" : "1.0.7"
      }
    },
    {
      "identity" : "swift-snapshot-testing",
      "kind" : "remoteSourceControl",
      "location" : "https://github.com/pointfreeco/swift-snapshot-testing.git",
      "state" : {
        "revision" : "f29e2014f6230cf7d5138fc899da51c7f513d467",
        "version" : "1.10.0"
      }
    },
    {
      "identity" : "swift-syntax",
      "kind" : "remoteSourceControl",
      "location" : "https://github.com/swiftlang/swift-syntax.git",
      "state" : {
        "revision" : "f99ae8aa18f0cf0d53481901f88a0991dc3bd4a2",
        "version" : "601.0.1"
      }
    }
  ],
  "version" : 2
}
